<?xml version="1.0" encoding="utf-8"?>
<Project ToolsVersion="4.0" xmlns="http://schemas.microsoft.com/developer/msbuild/2003">
  <ItemGroup>
    <Filter Include="Source Files">
      <UniqueIdentifier>{4FC737F1-C7A5-4376-A066-2A32D752A2FF}</UniqueIdentifier>
      <Extensions>cpp;c;cc;cxx;def;odl;idl;hpj;bat;asm;asmx</Extensions>
    </Filter>
    <Filter Include="Header Files">
      <UniqueIdentifier>{93995380-89BD-4b04-88EB-625FBE52EBFB}</UniqueIdentifier>
      <Extensions>h;hpp;hxx;hm;inl;inc;xsd</Extensions>
    </Filter>
    <Filter Include="Resource Files">
      <UniqueIdentifier>{67DA6AB6-F800-4c08-8B7A-83BB121AAD01}</UniqueIdentifier>
      <Extensions>rc;ico;cur;bmp;dlg;rc2;rct;bin;rgs;gif;jpg;jpeg;jpe;resx;tiff;tif;png;wav;mfcribbon-ms</Extensions>
    </Filter>
    <Filter Include="Header Files\no corresponding .c file">
      <UniqueIdentifier>{a00fc953-2b2b-40c1-9bdf-b19313daad5f}</UniqueIdentifier>
    </Filter>
  </ItemGroup>
  <ItemGroup>
    <ClInclude Include="alignedboundingbox.h">
      <Filter>Header Files</Filter>
    </ClInclude>
    <ClInclude Include="ColorConverter.h">
      <Filter>Header Files</Filter>
    </ClInclude>
    <ClInclude Include="colorscheme.h">
      <Filter>Header Files</Filter>
    </ClInclude>
    <ClInclude Include="colortotexturemap.h">
      <Filter>Header Files</Filter>
    </ClInclude>
    <ClInclude Include="displaybase.h">
      <Filter>Header Files</Filter>
    </ClInclude>
    <ClInclude Include="displaymanager.h">
      <Filter>Header Files</Filter>
    </ClInclude>
    <ClInclude Include="keymouselog.h">
      <Filter>Header Files</Filter>
    </ClInclude>
    <ClInclude Include="legend.h">
      <Filter>Header Files</Filter>
    </ClInclude>
    <ClInclude Include="mrienum.h">
      <Filter>Header Files</Filter>
    </ClInclude>
    <ClInclude Include="myGLexp.h">
      <Filter>Header Files</Filter>
    </ClInclude>
    <ClInclude Include="pushbutton.h">
      <Filter>Header Files</Filter>
    </ClInclude>
    <ClInclude Include="ribbon.h">
      <Filter>Header Files</Filter>
    </ClInclude>
    <ClInclude Include="selectionboxmanager.h">
      <Filter>Header Files</Filter>
    </ClInclude>
    <ClInclude Include="superquadric.h">
      <Filter>Header Files</Filter>
    </ClInclude>
    <ClInclude Include="tensoreigen.h">
      <Filter>Header Files</Filter>
    </ClInclude>
    <ClInclude Include="textureTest.h">
      <Filter>Header Files</Filter>
    </ClInclude>
    <ClInclude Include="traces.h">
      <Filter>Header Files</Filter>
    </ClInclude>
    <ClInclude Include="trackball.h">
      <Filter>Header Files</Filter>
    </ClInclude>
    <ClInclude Include="trial.h">
      <Filter>Header Files</Filter>
    </ClInclude>
    <ClInclude Include="triallog.h">
      <Filter>Header Files</Filter>
    </ClInclude>
    <ClInclude Include="trialmanager.h">
      <Filter>Header Files</Filter>
    </ClInclude>
    <ClInclude Include="tubesegment.h">
      <Filter>Header Files</Filter>
    </ClInclude>
    <ClInclude Include="int4.h">
      <Filter>Header Files\no corresponding .c file</Filter>
    </ClInclude>
    <ClInclude Include="vec3.h">
      <Filter>Header Files\no corresponding .c file</Filter>
    </ClInclude>
    <ClInclude Include="rgba.h">
      <Filter>Header Files\no corresponding .c file</Filter>
    </ClInclude>
    <ClInclude Include="myGL.h">
      <Filter>Header Files\no corresponding .c file</Filter>
    </ClInclude>
    <ClInclude Include="mystdexp.h">
      <Filter>Header Files\no corresponding .c file</Filter>
    </ClInclude>
  </ItemGroup>
  <ItemGroup>
    <ClCompile Include="alignedboundingbox.cpp">
      <Filter>Source Files</Filter>
    </ClCompile>
    <ClCompile Include="ColorConverter.cpp">
      <Filter>Source Files</Filter>
    </ClCompile>
    <ClCompile Include="colorscheme.cpp">
      <Filter>Source Files</Filter>
    </ClCompile>
    <ClCompile Include="colortotexturemap.cpp">
      <Filter>Source Files</Filter>
    </ClCompile>
    <ClCompile Include="displaybase.cpp">
      <Filter>Source Files</Filter>
    </ClCompile>
    <ClCompile Include="displaymanager.cpp">
      <Filter>Source Files</Filter>
    </ClCompile>
    <ClCompile Include="keymouselog.cpp">
      <Filter>Source Files</Filter>
    </ClCompile>
    <ClCompile Include="legend.cpp">
      <Filter>Source Files</Filter>
    </ClCompile>
    <ClCompile Include="mrienum.cpp">
      <Filter>Source Files</Filter>
    </ClCompile>
    <ClCompile Include="myGLexp.cpp">
      <Filter>Source Files</Filter>
    </ClCompile>
    <ClCompile Include="pushbutton.cpp">
      <Filter>Source Files</Filter>
    </ClCompile>
    <ClCompile Include="ribbon.cpp">
      <Filter>Source Files</Filter>
    </ClCompile>
    <ClCompile Include="selectionboxmanager.cpp">
      <Filter>Source Files</Filter>
    </ClCompile>
    <ClCompile Include="superquadric.cpp">
      <Filter>Source Files</Filter>
    </ClCompile>
    <ClCompile Include="testbed.cpp">
      <Filter>Source Files</Filter>
    </ClCompile>
    <ClCompile Include="textureTest.cpp">
      <Filter>Source Files</Filter>
    </ClCompile>
    <ClCompile Include="traces.cpp">
      <Filter>Source Files</Filter>
    </ClCompile>
    <ClCompile Include="trackball.cpp">
      <Filter>Source Files</Filter>
    </ClCompile>
    <ClCompile Include="trial.cpp">
      <Filter>Source Files</Filter>
    </ClCompile>
    <ClCompile Include="triallog.cpp">
      <Filter>Source Files</Filter>
    </ClCompile>
    <ClCompile Include="tubesegment.cpp">
      <Filter>Source Files</Filter>
    </ClCompile>
    <ClCompile Include="trialmanager.cpp">
      <Filter>Source Files</Filter>
    </ClCompile>
  </ItemGroup>
</Project>